
Microsoft Visual Studio Solution File, Format Version 12.00
# Visual Studio Version 17
VisualStudioVersion = 17.0.31717.71
MinimumVisualStudioVersion = 10.0.40219.1
Project("{9A19103F-16F7-4668-BE54-9A1E7A4F7556}") = "Store", "Store.csproj", "{6E4A1C5C-D730-4605-8C99-EC799A79222A}"
EndProject
Global
	GlobalSection(SolutionConfigurationPlatforms) = preSolution
		Debug|Any CPU = Debug|Any CPU
		Release|Any CPU = Release|Any CPU
	EndGlobalSection
	GlobalSection(ProjectConfigurationPlatforms) = postSolution
		{6E4A1C5C-D730-4605-8C99-EC799A79222A}.Debug|Any CPU.ActiveCfg = Debug|Any CPU
		{6E4A1C5C-D730-4605-8C99-EC799A79222A}.Debug|Any CPU.Build.0 = Debug|Any CPU
		{6E4A1C5C-D730-4605-8C99-EC799A79222A}.Release|Any CPU.ActiveCfg = Release|Any CPU
		{6E4A1C5C-D730-4605-8C99-EC799A79222A}.Release|Any CPU.Build.0 = Release|Any CPU
	EndGlobalSection
	GlobalSection(SolutionProperties) = preSolution
		HideSolutionNode = FALSE
	EndGlobalSection
	GlobalSection(ExtensibilityGlobals) = postSolution
		SolutionGuid = {F5B6F887-9758-451F-B4F9-9F67E0D04B98}
	EndGlobalSection
EndGlobal