
Microsoft Visual Studio Solution File, Format Version 12.00
# Visual Studio Version 17
VisualStudioVersion = 17.6.33626.354
MinimumVisualStudioVersion = 10.0.40219.1
Project("{9A19103F-16F7-4668-BE54-9A1E7A4F7556}") = "Orders", "Orders\Orders.csproj", "{707DD638-D2BD-4EB9-AE3D-4FFBB846D294}"
EndProject
Project("{2150E333-8FDC-42A3-9474-1A3956D46DE8}") = "Packaging", "Packaging", "{93F57020-1802-4E09-A317-0CC49947BE75}"
	ProjectSection(SolutionItems) = preProject
		..\docker-compose-deps.yml = ..\docker-compose-deps.yml
		..\docker-compose.yml = ..\docker-compose.yml
		..\NuGet.config = ..\NuGet.config
	EndProjectSection
EndProject
Project("{9A19103F-16F7-4668-BE54-9A1E7A4F7556}") = "Products", "Products\Products.csproj", "{6E7A43D5-5F93-49C3-A89F-31644350F18A}"
EndProject
Project("{9A19103F-16F7-4668-BE54-9A1E7A4F7556}") = "Proxy", "Proxy\Proxy.csproj", "{B3ABF069-B464-4E91-89C6-C4697F90D16E}"
EndProject
Project("{9A19103F-16F7-4668-BE54-9A1E7A4F7556}") = "OrderProcessor", "OrderProcessor\OrderProcessor.csproj", "{F51C5A7B-3832-4BE3-9636-D5156E47E40C}"
EndProject
Project("{9A19103F-16F7-4668-BE54-9A1E7A4F7556}") = "Store", "Store\Store.csproj", "{0BDF7868-40E2-47FE-BD35-D661E069CAAD}"
EndProject
Project("{9A19103F-16F7-4668-BE54-9A1E7A4F7556}") = "Diagnostics", "Diagnostics\Diagnostics.csproj", "{3037C1F1-2FF4-4E89-955F-DD3917DA39B2}"
EndProject
Project("{2150E333-8FDC-42A3-9474-1A3956D46DE8}") = "Deployment", "Deployment", "{2DD38B4E-4407-4329-96D0-1999D1AB2BDD}"
	ProjectSection(SolutionItems) = preProject
		..\infra\main.bicep = ..\infra\main.bicep
		..\infra\app\orderprocessor.bicep = ..\infra\app\orderprocessor.bicep
		..\infra\app\orders.bicep = ..\infra\app\orders.bicep
		..\infra\app\products.bicep = ..\infra\app\products.bicep
		..\infra\app\proxy.bicep = ..\infra\app\proxy.bicep
		..\infra\app\store.bicep = ..\infra\app\store.bicep
	EndProjectSection
EndProject
Global
	GlobalSection(SolutionConfigurationPlatforms) = preSolution
		Debug|Any CPU = Debug|Any CPU
		Release|Any CPU = Release|Any CPU
	EndGlobalSection
	GlobalSection(ProjectConfigurationPlatforms) = postSolution
		{707DD638-D2BD-4EB9-AE3D-4FFBB846D294}.Debug|Any CPU.ActiveCfg = Debug|Any CPU
		{707DD638-D2BD-4EB9-AE3D-4FFBB846D294}.Debug|Any CPU.Build.0 = Debug|Any CPU
		{707DD638-D2BD-4EB9-AE3D-4FFBB846D294}.Release|Any CPU.ActiveCfg = Release|Any CPU
		{707DD638-D2BD-4EB9-AE3D-4FFBB846D294}.Release|Any CPU.Build.0 = Release|Any CPU
		{6E7A43D5-5F93-49C3-A89F-31644350F18A}.Debug|Any CPU.ActiveCfg = Debug|Any CPU
		{6E7A43D5-5F93-49C3-A89F-31644350F18A}.Debug|Any CPU.Build.0 = Debug|Any CPU
		{6E7A43D5-5F93-49C3-A89F-31644350F18A}.Release|Any CPU.ActiveCfg = Release|Any CPU
		{6E7A43D5-5F93-49C3-A89F-31644350F18A}.Release|Any CPU.Build.0 = Release|Any CPU
		{B3ABF069-B464-4E91-89C6-C4697F90D16E}.Debug|Any CPU.ActiveCfg = Debug|Any CPU
		{B3ABF069-B464-4E91-89C6-C4697F90D16E}.Debug|Any CPU.Build.0 = Debug|Any CPU
		{B3ABF069-B464-4E91-89C6-C4697F90D16E}.Release|Any CPU.ActiveCfg = Release|Any CPU
		{B3ABF069-B464-4E91-89C6-C4697F90D16E}.Release|Any CPU.Build.0 = Release|Any CPU
		{F51C5A7B-3832-4BE3-9636-D5156E47E40C}.Debug|Any CPU.ActiveCfg = Debug|Any CPU
		{F51C5A7B-3832-4BE3-9636-D5156E47E40C}.Debug|Any CPU.Build.0 = Debug|Any CPU
		{F51C5A7B-3832-4BE3-9636-D5156E47E40C}.Release|Any CPU.ActiveCfg = Release|Any CPU
		{F51C5A7B-3832-4BE3-9636-D5156E47E40C}.Release|Any CPU.Build.0 = Release|Any CPU
		{0BDF7868-40E2-47FE-BD35-D661E069CAAD}.Debug|Any CPU.ActiveCfg = Debug|Any CPU
		{0BDF7868-40E2-47FE-BD35-D661E069CAAD}.Debug|Any CPU.Build.0 = Debug|Any CPU
		{0BDF7868-40E2-47FE-BD35-D661E069CAAD}.Release|Any CPU.ActiveCfg = Release|Any CPU
		{0BDF7868-40E2-47FE-BD35-D661E069CAAD}.Release|Any CPU.Build.0 = Release|Any CPU
		{3037C1F1-2FF4-4E89-955F-DD3917DA39B2}.Debug|Any CPU.ActiveCfg = Debug|Any CPU
		{3037C1F1-2FF4-4E89-955F-DD3917DA39B2}.Debug|Any CPU.Build.0 = Debug|Any CPU
		{3037C1F1-2FF4-4E89-955F-DD3917DA39B2}.Release|Any CPU.ActiveCfg = Release|Any CPU
		{3037C1F1-2FF4-4E89-955F-DD3917DA39B2}.Release|Any CPU.Build.0 = Release|Any CPU
	EndGlobalSection
	GlobalSection(SolutionProperties) = preSolution
		HideSolutionNode = FALSE
	EndGlobalSection
	GlobalSection(ExtensibilityGlobals) = postSolution
		SolutionGuid = {00341F0A-ED8F-45E5-A02B-8573A011F0E5}
	EndGlobalSection
EndGlobal
